# THIS IS AN AUTOGENERATED FILE. DO NOT EDIT THIS FILE DIRECTLY.
# yarn lockfile v1


"@types/k6@^0.32.2":
  version "0.32.2"
  resolved "https://registry.yarnpkg.com/@types/k6/-/k6-0.32.2.tgz#9a087d9162b892e67a5c1b61967b5db708339eed"
  integrity sha512-DUHGrqAaQgwQ3h+XYtUx//SfL26UXetdMjxvT1q9Kb2OM2eOYA2Aa9jqcwp7B1Tbf97CWFx0t2Ma9ONqMsDmaw==
